// !$*UTF8*$!
{
	archiveVersion = 1;
	classes = {
	};
	objectVersion = 55;
	objects = {

/* Begin PBXBuildFile section */
		CF432F2028762F3F00202748 /* QRcodeGeneratorAndScannerApp.swift in Sources */ = {isa = PBXBuildFile; fileRef = CF432F1F28762F3F00202748 /* QRcodeGeneratorAndScannerApp.swift */; };
		CF432F2228762F3F00202748 /* ContentView.swift in Sources */ = {isa = PBXBuildFile; fileRef = CF432F2128762F3F00202748 /* ContentView.swift */; };
		CF432F2428762F4600202748 /* Assets.xcassets in Resources */ = {isa = PBXBuildFile; fileRef = CF432F2328762F4600202748 /* Assets.xcassets */; };
		CF432F2728762F4600202748 /* Preview Assets.xcassets in Resources */ = {isa = PBXBuildFile; fileRef = CF432F2628762F4600202748 /* Preview Assets.xcassets */; };
		CF432F2E2876300700202748 /* UIImage+qrCode.swift in Sources */ = {isa = PBXBuildFile; fileRef = CF432F2D2876300700202748 /* UIImage+qrCode.swift */; };
		CF432F302876378A00202748 /* QRCodeScannerViewController.swift in Sources */ = {isa = PBXBuildFile; fileRef = CF432F2F2876378A00202748 /* QRCodeScannerViewController.swift */; };
		CF432F3228763C0D00202748 /* QRCodeScannerView.swift in Sources */ = {isa = PBXBuildFile; fileRef = CF432F3128763C0D00202748 /* QRCodeScannerView.swift */; };
/* End PBXBuildFile section */

/* Begin PBXFileReference section */
		CF432F1C28762F3F00202748 /* QRcodeGeneratorAndScanner.app */ = {isa = PBXFileReference; explicitFileType = wrapper.application; includeInIndex = 0; path = QRcodeGeneratorAndScanner.app; sourceTree = BUILT_PRODUCTS_DIR; };
		CF432F1F28762F3F00202748 /* QRcodeGeneratorAndScannerApp.swift */ = {isa = PBXFileReference; lastKnownFileType = sourcecode.swift; path = QRcodeGeneratorAndScannerApp.swift; sourceTree = "<group>"; };
		CF432F2128762F3F00202748 /* ContentView.swift */ = {isa = PBXFileReference; lastKnownFileType = sourcecode.swift; path = ContentView.swift; sourceTree = "<group>"; };
		CF432F2328762F4600202748 /* Assets.xcassets */ = {isa = PBXFileReference; lastKnownFileType = folder.assetcatalog; path = Assets.xcassets; sourceTree = "<group>"; };
		CF432F2628762F4600202748 /* Preview Assets.xcassets */ = {isa = PBXFileReference; lastKnownFileType = folder.assetcatalog; path = "Preview Assets.xcassets"; sourceTree = "<group>"; };
		CF432F2D2876300700202748 /* UIImage+qrCode.swift */ = {isa = PBXFileReference; lastKnownFileType = sourcecode.swift; path = "UIImage+qrCode.swift"; sourceTree = "<group>"; };
		CF432F2F2876378A00202748 /* QRCodeScannerViewController.swift */ = {isa = PBXFileReference; lastKnownFileType = sourcecode.swift; path = QRCodeScannerViewController.swift; sourceTree = "<group>"; };
		CF432F3128763C0D00202748 /* QRCodeScannerView.swift */ = {isa = PBXFileReference; lastKnownFileType = sourcecode.swift; path = QRCodeScannerView.swift; sourceTree = "<group>"; };
/* End PBXFileReference section */

/* Begin PBXFrameworksBuildPhase section */
		CF432F1928762F3F00202748 /* Frameworks */ = {
			isa = PBXFrameworksBuildPhase;
			buildActionMask = 2147483647;
			files = (
			);
			runOnlyForDeploymentPostprocessing = 0;
		};
/* End PBXFrameworksBuildPhase section */

/* Begin PBXGroup section */
		CF432F1328762F3F00202748 = {
			isa = PBXGroup;
			children = (
				CF432F1E28762F3F00202748 /* QRcodeGeneratorAndScanner */,
				CF432F1D28762F3F00202748 /* Products */,
			);
			sourceTree = "<group>";
		};
		CF432F1D28762F3F00202748 /* Products */ = {
			isa = PBXGroup;
			children = (
				CF432F1C28762F3F00202748 /* QRcodeGeneratorAndScanner.app */,
			);
			name = Products;
			sourceTree = "<group>";
		};
		CF432F1E28762F3F00202748 /* QRcodeGeneratorAndScanner */ = {
			isa = PBXGroup;
			children = (
				CF432F1F28762F3F00202748 /* QRcodeGeneratorAndScannerApp.swift */,
				CF432F2128762F3F00202748 /* ContentView.swift */,
				CF432F2D2876300700202748 /* UIImage+qrCode.swift */,
				CF432F2F2876378A00202748 /* QRCodeScannerViewController.swift */,
				CF432F3128763C0D00202748 /* QRCodeScannerView.swift */,
				CF432F2328762F4600202748 /* Assets.xcassets */,
				CF432F2528762F4600202748 /* Preview Content */,
			);
			path = QRcodeGeneratorAndScanner;
			sourceTree = "<group>";
		};
		CF432F2528762F4600202748 /* Preview Content */ = {
			isa = PBXGroup;
			children = (
				CF432F2628762F4600202748 /* Preview Assets.xcassets */,
			);
			path = "Preview Content";
			sourceTree = "<group>";
		};
/* End PBXGroup section */

/* Begin PBXNativeTarget section */
		CF432F1B28762F3F00202748 /* QRcodeGeneratorAndScanner */ = {
			isa = PBXNativeTarget;
			buildConfigurationList = CF432F2A28762F4600202748 /* Build configuration list for PBXNativeTarget "QRcodeGeneratorAndScanner" */;
			buildPhases = (
				CF432F1828762F3F00202748 /* Sources */,
				CF432F1928762F3F00202748 /* Frameworks */,
				CF432F1A28762F3F00202748 /* Resources */,
			);
			buildRules = (
			);
			dependencies = (
			);
			name = QRcodeGeneratorAndScanner;
			productName = QRcodeGeneratorAndScanner;
			productReference = CF432F1C28762F3F00202748 /* QRcodeGeneratorAndScanner.app */;
			productType = "com.apple.product-type.application";
		};
/* End PBXNativeTarget section */

/* Begin PBXProject section */
		CF432F1428762F3F00202748 /* Project object */ = {
			isa = PBXProject;
			attributes = {
				BuildIndependentTargetsInParallel = 1;
				LastSwiftUpdateCheck = 1340;
				LastUpgradeCheck = 1340;
				TargetAttributes = {
					CF432F1B28762F3F00202748 = {
						CreatedOnToolsVersion = 13.4;
					};
				};
			};
			buildConfigurationList = CF432F1728762F3F00202748 /* Build configuration list for PBXProject "QRcodeGeneratorAndScanner" */;
			compatibilityVersion = "Xcode 13.0";
			developmentRegion = en;
			hasScannedForEncodings = 0;
			knownRegions = (
				en,
				Base,
			);
			mainGroup = CF432F1328762F3F00202748;
			productRefGroup = CF432F1D28762F3F00202748 /* Products */;
			projectDirPath = "";
			projectRoot = "";
			targets = (
				CF432F1B28762F3F00202748 /* QRcodeGeneratorAndScanner */,
			);
		};
/* End PBXProject section */

/* Begin PBXResourcesBuildPhase section */
		CF432F1A28762F3F00202748 /* Resources */ = {
			isa = PBXResourcesBuildPhase;
			buildActionMask = 2147483647;
			files = (
				CF432F2728762F4600202748 /* Preview Assets.xcassets in Resources */,
				CF432F2428762F4600202748 /* Assets.xcassets in Resources */,
			);
			runOnlyForDeploymentPostprocessing = 0;
		};
/* End PBXResourcesBuildPhase section */

/* Begin PBXSourcesBuildPhase section */
		CF432F1828762F3F00202748 /* Sources */ = {
			isa = PBXSourcesBuildPhase;
			buildActionMask = 2147483647;
			files = (
				CF432F2228762F3F00202748 /* ContentView.swift in Sources */,
				CF432F302876378A00202748 /* QRCodeScannerViewController.swift in Sources */,
				CF432F2028762F3F00202748 /* QRcodeGeneratorAndScannerApp.swift in Sources */,
				CF432F2E2876300700202748 /* UIImage+qrCode.swift in Sources */,
				CF432F3228763C0D00202748 /* QRCodeScannerView.swift in Sources */,
			);
			runOnlyForDeploymentPostprocessing = 0;
		};
/* End PBXSourcesBuildPhase section */

/* Begin XCBuildConfiguration section */
		CF432F2828762F4600202748 /* Debug */ = {
			isa = XCBuildConfiguration;
			buildSettings = {
				ALWAYS_SEARCH_USER_PATHS = NO;
				CLANG_ANALYZER_NONNULL = YES;
				CLANG_ANALYZER_NUMBER_OBJECT_CONVERSION = YES_AGGRESSIVE;
				CLANG_CXX_LANGUAGE_STANDARD = "gnu++17";
				CLANG_ENABLE_MODULES = YES;
				CLANG_ENABLE_OBJC_ARC = YES;
				CLANG_ENABLE_OBJC_WEAK = YES;
				CLANG_WARN_BLOCK_CAPTURE_AUTORELEASING = YES;
				CLANG_WARN_BOOL_CONVERSION = YES;
				CLANG_WARN_COMMA = YES;
				CLANG_WARN_CONSTANT_CONVERSION = YES;
				CLANG_WARN_DEPRECATED_OBJC_IMPLEMENTATIONS = YES;
				CLANG_WARN_DIRECT_OBJC_ISA_USAGE = YES_ERROR;
				CLANG_WARN_DOCUMENTATION_COMMENTS = YES;
				CLANG_WARN_EMPTY_BODY = YES;
				CLANG_WARN_ENUM_CONVERSION = YES;
				CLANG_WARN_INFINITE_RECURSION = YES;
				CLANG_WARN_INT_CONVERSION = YES;
				CLANG_WARN_NON_LITERAL_NULL_CONVERSION = YES;
				CLANG_WARN_OBJC_IMPLICIT_RETAIN_SELF = YES;
				CLANG_WARN_OBJC_LITERAL_CONVERSION = YES;
				CLANG_WARN_OBJC_ROOT_CLASS = YES_ERROR;
				CLANG_WARN_QUOTED_INCLUDE_IN_FRAMEWORK_HEADER = YES;
				CLANG_WARN_RANGE_LOOP_ANALYSIS = YES;
				CLANG_WARN_STRICT_PROTOTYPES = YES;
				CLANG_WARN_SUSPICIOUS_MOVE = YES;
				CLANG_WARN_UNGUARDED_AVAILABILITY = YES_AGGRESSIVE;
				CLANG_WARN_UNREACHABLE_CODE = YES;
				CLANG_WARN__DUPLICATE_METHOD_MATCH = YES;
				COPY_PHASE_STRIP = NO;
				DEBUG_INFORMATION_FORMAT = dwarf;
				ENABLE_STRICT_OBJC_MSGSEND = YES;
				ENABLE_TESTABILITY = YES;
				GCC_C_LANGUAGE_STANDARD = gnu11;
				GCC_DYNAMIC_NO_PIC = NO;
				GCC_NO_COMMON_BLOCKS = YES;
				GCC_OPTIMIZATION_LEVEL = 0;
				GCC_PREPROCESSOR_DEFINITIONS = (
					"DEBUG=1",
					"$(inherited)",
				);
				GCC_WARN_64_TO_32_BIT_CONVERSION = YES;
				GCC_WARN_ABOUT_RETURN_TYPE = YES_ERROR;
				GCC_WARN_UNDECLARED_SELECTOR = YES;
				GCC_WARN_UNINITIALIZED_AUTOS = YES_AGGRESSIVE;
				GCC_WARN_UNUSED_FUNCTION = YES;
				GCC_WARN_UNUSED_VARIABLE = YES;
				IPHONEOS_DEPLOYMENT_TARGET = 15.5;
				MTL_ENABLE_DEBUG_INFO = INCLUDE_SOURCE;
				MTL_FAST_MATH = YES;
				ONLY_ACTIVE_ARCH = YES;
				SDKROOT = iphoneos;
				SWIFT_ACTIVE_COMPILATION_CONDITIONS = DEBUG;
				SWIFT_OPTIMIZATION_LEVEL = "-Onone";
			};
			name = Debug;
		};
		CF432F2928762F4600202748 /* Release */ = {
			isa = XCBuildConfiguration;
			buildSettings = {
				ALWAYS_SEARCH_USER_PATHS = NO;
				CLANG_ANALYZER_NONNULL = YES;
				CLANG_ANALYZER_NUMBER_OBJECT_CONVERSION = YES_AGGRESSIVE;
				CLANG_CXX_LANGUAGE_STANDARD = "gnu++17";
				CLANG_ENABLE_MODULES = YES;
				CLANG_ENABLE_OBJC_ARC = YES;
				CLANG_ENABLE_OBJC_WEAK = YES;
				CLANG_WARN_BLOCK_CAPTURE_AUTORELEASING = YES;
				CLANG_WARN_BOOL_CONVERSION = YES;
				CLANG_WARN_COMMA = YES;
				CLANG_WARN_CONSTANT_CONVERSION = YES;
				CLANG_WARN_DEPRECATED_OBJC_IMPLEMENTATIONS = YES;
				CLANG_WARN_DIRECT_OBJC_ISA_USAGE = YES_ERROR;
				CLANG_WARN_DOCUMENTATION_COMMENTS = YES;
				CLANG_WARN_EMPTY_BODY = YES;
				CLANG_WARN_ENUM_CONVERSION = YES;
				CLANG_WARN_INFINITE_RECURSION = YES;
				CLANG_WARN_INT_CONVERSION = YES;
				CLANG_WARN_NON_LITERAL_NULL_CONVERSION = YES;
				CLANG_WARN_OBJC_IMPLICIT_RETAIN_SELF = YES;
				CLANG_WARN_OBJC_LITERAL_CONVERSION = YES;
				CLANG_WARN_OBJC_ROOT_CLASS = YES_ERROR;
				CLANG_WARN_QUOTED_INCLUDE_IN_FRAMEWORK_HEADER = YES;
				CLANG_WARN_RANGE_LOOP_ANALYSIS = YES;
				CLANG_WARN_STRICT_PROTOTYPES = YES;
				CLANG_WARN_SUSPICIOUS_MOVE = YES;
				CLANG_WARN_UNGUARDED_AVAILABILITY = YES_AGGRESSIVE;
				CLANG_WARN_UNREACHABLE_CODE = YES;
				CLANG_WARN__DUPLICATE_METHOD_MATCH = YES;
				COPY_PHASE_STRIP = NO;
				DEBUG_INFORMATION_FORMAT = "dwarf-with-dsym";
				ENABLE_NS_ASSERTIONS = NO;
				ENABLE_STRICT_OBJC_MSGSEND = YES;
				GCC_C_LANGUAGE_STANDARD = gnu11;
				GCC_NO_COMMON_BLOCKS = YES;
				GCC_WARN_64_TO_32_BIT_CONVERSION = YES;
				GCC_WARN_ABOUT_RETURN_TYPE = YES_ERROR;
				GCC_WARN_UNDECLARED_SELECTOR = YES;
				GCC_WARN_UNINITIALIZED_AUTOS = YES_AGGRESSIVE;
				GCC_WARN_UNUSED_FUNCTION = YES;
				GCC_WARN_UNUSED_VARIABLE = YES;
				IPHONEOS_DEPLOYMENT_TARGET = 15.5;
				MTL_ENABLE_DEBUG_INFO = NO;
				MTL_FAST_MATH = YES;
				SDKROOT = iphoneos;
				SWIFT_COMPILATION_MODE = wholemodule;
				SWIFT_OPTIMIZATION_LEVEL = "-O";
				VALIDATE_PRODUCT = YES;
			};
			name = Release;
		};
		CF432F2B28762F4600202748 /* Debug */ = {
			isa = XCBuildConfiguration;
			buildSettings = {
				ASSETCATALOG_COMPILER_APPICON_NAME = AppIcon;
				ASSETCATALOG_COMPILER_GLOBAL_ACCENT_COLOR_NAME = AccentColor;
				CODE_SIGN_STYLE = Automatic;
				CURRENT_PROJECT_VERSION = 1;
				DEVELOPMENT_ASSET_PATHS = "\"QRcodeGeneratorAndScanner/Preview Content\"";
				DEVELOPMENT_TEAM = YLBX7YJ47Z;
				ENABLE_PREVIEWS = YES;
				GENERATE_INFOPLIST_FILE = YES;
				INFOPLIST_KEY_NSCameraUsageDescription = "Camera is used for QR codes scanning";
				INFOPLIST_KEY_UIApplicationSceneManifest_Generation = YES;
				INFOPLIST_KEY_UIApplicationSupportsIndirectInputEvents = YES;
				INFOPLIST_KEY_UILaunchScreen_Generation = YES;
				INFOPLIST_KEY_UISupportedInterfaceOrientations_iPad = "UIInterfaceOrientationPortrait UIInterfaceOrientationPortraitUpsideDown UIInterfaceOrientationLandscapeLeft UIInterfaceOrientationLandscapeRight";
				INFOPLIST_KEY_UISupportedInterfaceOrientations_iPhone = "UIInterfaceOrientationPortrait UIInterfaceOrientationLandscapeLeft UIInterfaceOrientationLandscapeRight";
				LD_RUNPATH_SEARCH_PATHS = (
					"$(inherited)",
					"@executable_path/Frameworks",
				);
				MARKETING_VERSION = 1.0;
				PRODUCT_BUNDLE_IDENTIFIER = www.goldena.QRcodeGeneratorAndScanner;
				PRODUCT_NAME = "$(TARGET_NAME)";
				SWIFT_EMIT_LOC_STRINGS = YES;
				SWIFT_VERSION = 5.0;
				TARGETED_DEVICE_FAMILY = "1,2";
			};
			name = Debug;
		};
		CF432F2C28762F4600202748 /* Release */ = {
			isa = XCBuildConfiguration;
			buildSettings = {
				ASSETCATALOG_COMPILER_APPICON_NAME = AppIcon;
				ASSETCATALOG_COMPILER_GLOBAL_ACCENT_COLOR_NAME = AccentColor;
				CODE_SIGN_STYLE = Automatic;
				CURRENT_PROJECT_VERSION = 1;
				DEVELOPMENT_ASSET_PATHS = "\"QRcodeGeneratorAndScanner/Preview Content\"";
				DEVELOPMENT_TEAM = YLBX7YJ47Z;
				ENABLE_PREVIEWS = YES;
				GENERATE_INFOPLIST_FILE = YES;
				INFOPLIST_KEY_NSCameraUsageDescription = "Camera is used for QR codes scanning";
				INFOPLIST_KEY_UIApplicationSceneManifest_Generation = YES;
				INFOPLIST_KEY_UIApplicationSupportsIndirectInputEvents = YES;
				INFOPLIST_KEY_UILaunchScreen_Generation = YES;
				INFOPLIST_KEY_UISupportedInterfaceOrientations_iPad = "UIInterfaceOrientationPortrait UIInterfaceOrientationPortraitUpsideDown UIInterfaceOrientationLandscapeLeft UIInterfaceOrientationLandscapeRight";
				INFOPLIST_KEY_UISupportedInterfaceOrientations_iPhone = "UIInterfaceOrientationPortrait UIInterfaceOrientationLandscapeLeft UIInterfaceOrientationLandscapeRight";
				LD_RUNPATH_SEARCH_PATHS = (
					"$(inherited)",
					"@executable_path/Frameworks",
				);
				MARKETING_VERSION = 1.0;
				PRODUCT_BUNDLE_IDENTIFIER = www.goldena.QRcodeGeneratorAndScanner;
				PRODUCT_NAME = "$(TARGET_NAME)";
				SWIFT_EMIT_LOC_STRINGS = YES;
				SWIFT_VERSION = 5.0;
				TARGETED_DEVICE_FAMILY = "1,2";
			};
			name = Release;
		};
/* End XCBuildConfiguration section */

/* Begin XCConfigurationList section */
		CF432F1728762F3F00202748 /* Build configuration list for PBXProject "QRcodeGeneratorAndScanner" */ = {
			isa = XCConfigurationList;
			buildConfigurations = (
				CF432F2828762F4600202748 /* Debug */,
				CF432F2928762F4600202748 /* Release */,
			);
			defaultConfigurationIsVisible = 0;
			defaultConfigurationName = Release;
		};
		CF432F2A28762F4600202748 /* Build configuration list for PBXNativeTarget "QRcodeGeneratorAndScanner" */ = {
			isa = XCConfigurationList;
			buildConfigurations = (
				CF432F2B28762F4600202748 /* Debug */,
				CF432F2C28762F4600202748 /* Release */,
			);
			defaultConfigurationIsVisible = 0;
			defaultConfigurationName = Release;
		};
/* End XCConfigurationList section */
	};
	rootObject = CF432F1428762F3F00202748 /* Project object */;
}
